
Microsoft Visual Studio Solution File, Format Version 12.00
# Visual Studio Version 16
VisualStudioVersion = 16.0.31624.102
MinimumVisualStudioVersion = 10.0.40219.1
Project("{FAE04EC0-301F-11D3-BF4B-00C04F79EFBC}") = "metmoi", "metmoi\metmoi.csproj", "{3B9F8B42-421F-4747-B1AD-488698809723}"
EndProject
Global
	GlobalSection(SolutionConfigurationPlatforms) = preSolution
		Debug|Any CPU = Debug|Any CPU
		Release|Any CPU = Release|Any CPU
	EndGlobalSection
	GlobalSection(ProjectConfigurationPlatforms) = postSolution
		{3B9F8B42-421F-4747-B1AD-488698809723}.Debug|Any CPU.ActiveCfg = Debug|Any CPU
		{3B9F8B42-421F-4747-B1AD-488698809723}.Debug|Any CPU.Build.0 = Debug|Any CPU
		{3B9F8B42-421F-4747-B1AD-488698809723}.Release|Any CPU.ActiveCfg = Release|Any CPU
		{3B9F8B42-421F-4747-B1AD-488698809723}.Release|Any CPU.Build.0 = Release|Any CPU
	EndGlobalSection
	GlobalSection(SolutionProperties) = preSolution
		HideSolutionNode = FALSE
	EndGlobalSection
	GlobalSection(ExtensibilityGlobals) = postSolution
		SolutionGuid = {A45EB597-3B1B-4376-BE06-F4CCC632CE7C}
	EndGlobalSection
EndGlobal
